
Microsoft Visual Studio Solution File, Format Version 12.00
# Visual Studio Version 17
VisualStudioVersion = 17.13.35825.156 d17.13
MinimumVisualStudioVersion = 10.0.40219.1
Project("{FAE04EC0-301F-11D3-BF4B-00C04F79EFBC}") = "CRUDAppUsingADO", "CRUDAppUsingADO\CRUDAppUsingADO.csproj", "{DD6835A5-E007-469D-91C2-6D5240D5CBF6}"
EndProject
Global
	GlobalSection(SolutionConfigurationPlatforms) = preSolution
		Debug|Any CPU = Debug|Any CPU
		Release|Any CPU = Release|Any CPU
	EndGlobalSection
	GlobalSection(ProjectConfigurationPlatforms) = postSolution
		{DD6835A5-E007-469D-91C2-6D5240D5CBF6}.Debug|Any CPU.ActiveCfg = Debug|Any CPU
		{DD6835A5-E007-469D-91C2-6D5240D5CBF6}.Debug|Any CPU.Build.0 = Debug|Any CPU
		{DD6835A5-E007-469D-91C2-6D5240D5CBF6}.Release|Any CPU.ActiveCfg = Release|Any CPU
		{DD6835A5-E007-469D-91C2-6D5240D5CBF6}.Release|Any CPU.Build.0 = Release|Any CPU
	EndGlobalSection
	GlobalSection(SolutionProperties) = preSolution
		HideSolutionNode = FALSE
	EndGlobalSection
	GlobalSection(ExtensibilityGlobals) = postSolution
		SolutionGuid = {8F94F0BD-A5D3-47D0-AC93-9EC5E671DD3C}
	EndGlobalSection
EndGlobal
